
Microsoft Visual Studio Solution File, Format Version 12.00
# Visual Studio 15
VisualStudioVersion = 15.0.27428.2027
MinimumVisualStudioVersion = 10.0.40219.1
Project("{9A19103F-16F7-4668-BE54-9A1E7A4F7556}") = "AccountBook.Web", "AccountBook.Web\AccountBook.Web.csproj", "{C5256091-BA9C-4555-840D-C462B0083546}"
EndProject
Project("{9A19103F-16F7-4668-BE54-9A1E7A4F7556}") = "AccountBook.Model", "AccountBook.Model\AccountBook.Model.csproj", "{7C3DAF00-2726-43D6-9067-3D27A877271F}"
EndProject
Global
	GlobalSection(SolutionConfigurationPlatforms) = preSolution
		Debug|Any CPU = Debug|Any CPU
		Release|Any CPU = Release|Any CPU
	EndGlobalSection
	GlobalSection(ProjectConfigurationPlatforms) = postSolution
		{C5256091-BA9C-4555-840D-C462B0083546}.Debug|Any CPU.ActiveCfg = Debug|Any CPU
		{C5256091-BA9C-4555-840D-C462B0083546}.Debug|Any CPU.Build.0 = Debug|Any CPU
		{C5256091-BA9C-4555-840D-C462B0083546}.Release|Any CPU.ActiveCfg = Release|Any CPU
		{C5256091-BA9C-4555-840D-C462B0083546}.Release|Any CPU.Build.0 = Release|Any CPU
		{7C3DAF00-2726-43D6-9067-3D27A877271F}.Debug|Any CPU.ActiveCfg = Debug|Any CPU
		{7C3DAF00-2726-43D6-9067-3D27A877271F}.Debug|Any CPU.Build.0 = Debug|Any CPU
		{7C3DAF00-2726-43D6-9067-3D27A877271F}.Release|Any CPU.ActiveCfg = Release|Any CPU
		{7C3DAF00-2726-43D6-9067-3D27A877271F}.Release|Any CPU.Build.0 = Release|Any CPU
	EndGlobalSection
	GlobalSection(SolutionProperties) = preSolution
		HideSolutionNode = FALSE
	EndGlobalSection
	GlobalSection(ExtensibilityGlobals) = postSolution
		SolutionGuid = {B55FC19B-EA5A-4290-A782-11B40DAEC0F2}
	EndGlobalSection
EndGlobal
